
Microsoft Visual Studio Solution File, Format Version 12.00
# Visual Studio Version 16
VisualStudioVersion = 16.0.29709.97
MinimumVisualStudioVersion = 10.0.40219.1
Project("{2150E333-8FDC-42A3-9474-1A3956D46DE8}") = "Tests", "Tests", "{FA0B160E-C4E5-4522-B9B9-8A33AE725E7E}"
EndProject
Project("{2150E333-8FDC-42A3-9474-1A3956D46DE8}") = "Hosts", "Hosts", "{77E6A908-7640-42D5-82E6-2B59072A70F7}"
EndProject
Project("{FAE04EC0-301F-11D3-BF4B-00C04F79EFBC}") = "DemoApp.Android", "Demo\DemoApp.Android\DemoApp.Android.csproj", "{C0D2CFCE-3677-4693-AD15-496D86CAFA0C}"
EndProject
Project("{FAE04EC0-301F-11D3-BF4B-00C04F79EFBC}") = "DemoApp.iOS", "Demo\DemoApp.iOS\DemoApp.iOS.csproj", "{9CA2261F-3B09-4152-976D-299E22DE3908}"
EndProject
Project("{9A19103F-16F7-4668-BE54-9A1E7A4F7556}") = "DemoApp", "Demo\DemoApp\DemoApp.csproj", "{3C98247B-A76A-4A75-A6D0-142632BF0725}"
EndProject
Project("{9A19103F-16F7-4668-BE54-9A1E7A4F7556}") = "Xamariners.EndToEnd.Xamarin", "src\Xamariners.EndToEnd.Xamarin\Xamariners.EndToEnd.Xamarin.csproj", "{343257B0-3152-4F8A-8589-01881D0D00CA}"
EndProject
Project("{FAE04EC0-301F-11D3-BF4B-00C04F79EFBC}") = "Xamariners.EndToEnd.Xamarin.Demo", "Demo\Xamariners.EndToEnd.Xamarin.Demo\Xamariners.EndToEnd.Xamarin.Demo.csproj", "{8CABBCF1-72DA-4613-95D5-F390DBA51C47}"
EndProject
Global
	GlobalSection(SolutionConfigurationPlatforms) = preSolution
		Debug|Any CPU = Debug|Any CPU
		Debug|iPhone = Debug|iPhone
		Debug|iPhoneSimulator = Debug|iPhoneSimulator
		Release|Any CPU = Release|Any CPU
		Release|iPhone = Release|iPhone
		Release|iPhoneSimulator = Release|iPhoneSimulator
	EndGlobalSection
	GlobalSection(ProjectConfigurationPlatforms) = postSolution
		{C0D2CFCE-3677-4693-AD15-496D86CAFA0C}.Debug|Any CPU.ActiveCfg = Debug|Any CPU
		{C0D2CFCE-3677-4693-AD15-496D86CAFA0C}.Debug|Any CPU.Build.0 = Debug|Any CPU
		{C0D2CFCE-3677-4693-AD15-496D86CAFA0C}.Debug|Any CPU.Deploy.0 = Debug|Any CPU
		{C0D2CFCE-3677-4693-AD15-496D86CAFA0C}.Debug|iPhone.ActiveCfg = Debug|Any CPU
		{C0D2CFCE-3677-4693-AD15-496D86CAFA0C}.Debug|iPhoneSimulator.ActiveCfg = Debug|Any CPU
		{C0D2CFCE-3677-4693-AD15-496D86CAFA0C}.Release|Any CPU.ActiveCfg = Release|Any CPU
		{C0D2CFCE-3677-4693-AD15-496D86CAFA0C}.Release|Any CPU.Build.0 = Release|Any CPU
		{C0D2CFCE-3677-4693-AD15-496D86CAFA0C}.Release|Any CPU.Deploy.0 = Release|Any CPU
		{C0D2CFCE-3677-4693-AD15-496D86CAFA0C}.Release|iPhone.ActiveCfg = Release|Any CPU
		{C0D2CFCE-3677-4693-AD15-496D86CAFA0C}.Release|iPhoneSimulator.ActiveCfg = Release|Any CPU
		{9CA2261F-3B09-4152-976D-299E22DE3908}.Debug|Any CPU.ActiveCfg = Debug|iPhone
		{9CA2261F-3B09-4152-976D-299E22DE3908}.Debug|iPhone.ActiveCfg = Debug|iPhone
		{9CA2261F-3B09-4152-976D-299E22DE3908}.Debug|iPhone.Build.0 = Debug|iPhone
		{9CA2261F-3B09-4152-976D-299E22DE3908}.Debug|iPhone.Deploy.0 = Debug|iPhone
		{9CA2261F-3B09-4152-976D-299E22DE3908}.Debug|iPhoneSimulator.ActiveCfg = Debug|iPhoneSimulator
		{9CA2261F-3B09-4152-976D-299E22DE3908}.Debug|iPhoneSimulator.Build.0 = Debug|iPhoneSimulator
		{9CA2261F-3B09-4152-976D-299E22DE3908}.Release|Any CPU.ActiveCfg = Release|iPhone
		{9CA2261F-3B09-4152-976D-299E22DE3908}.Release|iPhone.ActiveCfg = Release|iPhone
		{9CA2261F-3B09-4152-976D-299E22DE3908}.Release|iPhone.Build.0 = Release|iPhone
		{9CA2261F-3B09-4152-976D-299E22DE3908}.Release|iPhoneSimulator.ActiveCfg = Release|iPhoneSimulator
		{9CA2261F-3B09-4152-976D-299E22DE3908}.Release|iPhoneSimulator.Build.0 = Release|iPhoneSimulator
		{3C98247B-A76A-4A75-A6D0-142632BF0725}.Debug|Any CPU.ActiveCfg = Debug|Any CPU
		{3C98247B-A76A-4A75-A6D0-142632BF0725}.Debug|Any CPU.Build.0 = Debug|Any CPU
		{3C98247B-A76A-4A75-A6D0-142632BF0725}.Debug|iPhone.ActiveCfg = Debug|Any CPU
		{3C98247B-A76A-4A75-A6D0-142632BF0725}.Debug|iPhone.Build.0 = Debug|Any CPU
		{3C98247B-A76A-4A75-A6D0-142632BF0725}.Debug|iPhoneSimulator.ActiveCfg = Debug|Any CPU
		{3C98247B-A76A-4A75-A6D0-142632BF0725}.Debug|iPhoneSimulator.Build.0 = Debug|Any CPU
		{3C98247B-A76A-4A75-A6D0-142632BF0725}.Release|Any CPU.ActiveCfg = Release|Any CPU
		{3C98247B-A76A-4A75-A6D0-142632BF0725}.Release|Any CPU.Build.0 = Release|Any CPU
		{3C98247B-A76A-4A75-A6D0-142632BF0725}.Release|iPhone.ActiveCfg = Release|Any CPU
		{3C98247B-A76A-4A75-A6D0-142632BF0725}.Release|iPhone.Build.0 = Release|Any CPU
		{3C98247B-A76A-4A75-A6D0-142632BF0725}.Release|iPhoneSimulator.ActiveCfg = Release|Any CPU
		{3C98247B-A76A-4A75-A6D0-142632BF0725}.Release|iPhoneSimulator.Build.0 = Release|Any CPU
		{343257B0-3152-4F8A-8589-01881D0D00CA}.Debug|Any CPU.ActiveCfg = Debug|Any CPU
		{343257B0-3152-4F8A-8589-01881D0D00CA}.Debug|Any CPU.Build.0 = Debug|Any CPU
		{343257B0-3152-4F8A-8589-01881D0D00CA}.Debug|iPhone.ActiveCfg = Debug|Any CPU
		{343257B0-3152-4F8A-8589-01881D0D00CA}.Debug|iPhone.Build.0 = Debug|Any CPU
		{343257B0-3152-4F8A-8589-01881D0D00CA}.Debug|iPhoneSimulator.ActiveCfg = Debug|Any CPU
		{343257B0-3152-4F8A-8589-01881D0D00CA}.Debug|iPhoneSimulator.Build.0 = Debug|Any CPU
		{343257B0-3152-4F8A-8589-01881D0D00CA}.Release|Any CPU.ActiveCfg = Release|Any CPU
		{343257B0-3152-4F8A-8589-01881D0D00CA}.Release|Any CPU.Build.0 = Release|Any CPU
		{343257B0-3152-4F8A-8589-01881D0D00CA}.Release|iPhone.ActiveCfg = Release|Any CPU
		{343257B0-3152-4F8A-8589-01881D0D00CA}.Release|iPhone.Build.0 = Release|Any CPU
		{343257B0-3152-4F8A-8589-01881D0D00CA}.Release|iPhoneSimulator.ActiveCfg = Release|Any CPU
		{343257B0-3152-4F8A-8589-01881D0D00CA}.Release|iPhoneSimulator.Build.0 = Release|Any CPU
		{8CABBCF1-72DA-4613-95D5-F390DBA51C47}.Debug|Any CPU.ActiveCfg = Debug|Any CPU
		{8CABBCF1-72DA-4613-95D5-F390DBA51C47}.Debug|Any CPU.Build.0 = Debug|Any CPU
		{8CABBCF1-72DA-4613-95D5-F390DBA51C47}.Debug|iPhone.ActiveCfg = Debug|Any CPU
		{8CABBCF1-72DA-4613-95D5-F390DBA51C47}.Debug|iPhone.Build.0 = Debug|Any CPU
		{8CABBCF1-72DA-4613-95D5-F390DBA51C47}.Debug|iPhoneSimulator.ActiveCfg = Debug|Any CPU
		{8CABBCF1-72DA-4613-95D5-F390DBA51C47}.Debug|iPhoneSimulator.Build.0 = Debug|Any CPU
		{8CABBCF1-72DA-4613-95D5-F390DBA51C47}.Release|Any CPU.ActiveCfg = Release|Any CPU
		{8CABBCF1-72DA-4613-95D5-F390DBA51C47}.Release|Any CPU.Build.0 = Release|Any CPU
		{8CABBCF1-72DA-4613-95D5-F390DBA51C47}.Release|iPhone.ActiveCfg = Release|Any CPU
		{8CABBCF1-72DA-4613-95D5-F390DBA51C47}.Release|iPhone.Build.0 = Release|Any CPU
		{8CABBCF1-72DA-4613-95D5-F390DBA51C47}.Release|iPhoneSimulator.ActiveCfg = Release|Any CPU
		{8CABBCF1-72DA-4613-95D5-F390DBA51C47}.Release|iPhoneSimulator.Build.0 = Release|Any CPU
	EndGlobalSection
	GlobalSection(SolutionProperties) = preSolution
		HideSolutionNode = FALSE
	EndGlobalSection
	GlobalSection(NestedProjects) = preSolution
		{C0D2CFCE-3677-4693-AD15-496D86CAFA0C} = {77E6A908-7640-42D5-82E6-2B59072A70F7}
		{9CA2261F-3B09-4152-976D-299E22DE3908} = {77E6A908-7640-42D5-82E6-2B59072A70F7}
		{3C98247B-A76A-4A75-A6D0-142632BF0725} = {77E6A908-7640-42D5-82E6-2B59072A70F7}
		{343257B0-3152-4F8A-8589-01881D0D00CA} = {FA0B160E-C4E5-4522-B9B9-8A33AE725E7E}
		{8CABBCF1-72DA-4613-95D5-F390DBA51C47} = {FA0B160E-C4E5-4522-B9B9-8A33AE725E7E}
	EndGlobalSection
	GlobalSection(ExtensibilityGlobals) = postSolution
		SolutionGuid = {8CCBBB30-896F-4F2B-A50B-D8075567FDD4}
	EndGlobalSection
EndGlobal
